
Microsoft Visual Studio Solution File, Format Version 12.00
# Visual Studio 15
VisualStudioVersion = 15.0.27130.2020
MinimumVisualStudioVersion = 10.0.40219.1
Project("{9A19103F-16F7-4668-BE54-9A1E7A4F7556}") = "MediatR.Extensions.Microsoft.AspNetCore.Mvc", "MediatR.Extensions.Microsoft.AspNetCore.Mvc\MediatR.Extensions.Microsoft.AspNetCore.Mvc.csproj", "{4EAC8743-1E74-4F33-BA2A-3C30107A51F8}"
EndProject
Project("{FAE04EC0-301F-11D3-BF4B-00C04F79EFBC}") = "MediatR.Extensions.Microsoft.AspNetCore.Mvc.Tests", "MediatR.Extensions.Microsoft.AspNetCore.Mvc.Tests\MediatR.Extensions.Microsoft.AspNetCore.Mvc.Tests.csproj", "{44CE0FAB-0DBA-44A8-8F25-EBE839AB919B}"
EndProject
Global
	GlobalSection(SolutionConfigurationPlatforms) = preSolution
		Debug|Any CPU = Debug|Any CPU
		Release|Any CPU = Release|Any CPU
	EndGlobalSection
	GlobalSection(ProjectConfigurationPlatforms) = postSolution
		{4EAC8743-1E74-4F33-BA2A-3C30107A51F8}.Debug|Any CPU.ActiveCfg = Debug|Any CPU
		{4EAC8743-1E74-4F33-BA2A-3C30107A51F8}.Debug|Any CPU.Build.0 = Debug|Any CPU
		{4EAC8743-1E74-4F33-BA2A-3C30107A51F8}.Release|Any CPU.ActiveCfg = Release|Any CPU
		{4EAC8743-1E74-4F33-BA2A-3C30107A51F8}.Release|Any CPU.Build.0 = Release|Any CPU
		{44CE0FAB-0DBA-44A8-8F25-EBE839AB919B}.Debug|Any CPU.ActiveCfg = Debug|Any CPU
		{44CE0FAB-0DBA-44A8-8F25-EBE839AB919B}.Debug|Any CPU.Build.0 = Debug|Any CPU
		{44CE0FAB-0DBA-44A8-8F25-EBE839AB919B}.Release|Any CPU.ActiveCfg = Release|Any CPU
		{44CE0FAB-0DBA-44A8-8F25-EBE839AB919B}.Release|Any CPU.Build.0 = Release|Any CPU
	EndGlobalSection
	GlobalSection(SolutionProperties) = preSolution
		HideSolutionNode = FALSE
	EndGlobalSection
	GlobalSection(ExtensibilityGlobals) = postSolution
		SolutionGuid = {13C197A4-5C3A-4D80-BD1C-A0A691931E4B}
	EndGlobalSection
EndGlobal
